{
  "name": "01.node-blocking-vs-non-blocking-fernando-herrera-node-course-main",
  "version": "1.0.0",
  "lockfileVersion": 2,
  "requires": true,
  "packages": {
    "": {
      "name": "01.node-blocking-vs-non-blocking-fernando-herrera-node-course-main",
      "version": "1.0.0",
      "license": "ISC"
    }
  }
}
